
Microsoft Visual Studio Solution File, Format Version 12.00
# Visual Studio Version 17
VisualStudioVersion = 17.9.34723.18
MinimumVisualStudioVersion = 10.0.40219.1
Project("{FAE04EC0-301F-11D3-BF4B-00C04F79EFBC}") = "DreamStay", "DreamStay\DreamStay.csproj", "{50F2AC14-4CCF-438E-8D70-8D874D391D20}"
EndProject
Global
	GlobalSection(SolutionConfigurationPlatforms) = preSolution
		Debug|Any CPU = Debug|Any CPU
		Release|Any CPU = Release|Any CPU
	EndGlobalSection
	GlobalSection(ProjectConfigurationPlatforms) = postSolution
		{50F2AC14-4CCF-438E-8D70-8D874D391D20}.Debug|Any CPU.ActiveCfg = Debug|Any CPU
		{50F2AC14-4CCF-438E-8D70-8D874D391D20}.Debug|Any CPU.Build.0 = Debug|Any CPU
		{50F2AC14-4CCF-438E-8D70-8D874D391D20}.Release|Any CPU.ActiveCfg = Release|Any CPU
		{50F2AC14-4CCF-438E-8D70-8D874D391D20}.Release|Any CPU.Build.0 = Release|Any CPU
	EndGlobalSection
	GlobalSection(SolutionProperties) = preSolution
		HideSolutionNode = FALSE
	EndGlobalSection
	GlobalSection(ExtensibilityGlobals) = postSolution
		SolutionGuid = {6FDA3A67-0B34-49BE-8F98-88B676BAF39F}
	EndGlobalSection
EndGlobal
